// !$*UTF8*$!
{
	archiveVersion = 1;
	classes = {
	};
	objectVersion = 50;
	objects = {

/* Begin PBXBuildFile section */
		AACB136C21FFF23C00531616 /* main.cpp in Sources */ = {isa = PBXBuildFile; fileRef = AACB136B21FFF23C00531616 /* main.cpp */; };
		AACB13C022018E9400531616 /* problem1.cpp in Sources */ = {isa = PBXBuildFile; fileRef = AACB13B422018E9400531616 /* problem1.cpp */; };
		AACB13C222018E9400531616 /* problem2.cpp in Sources */ = {isa = PBXBuildFile; fileRef = AACB13B722018E9400531616 /* problem2.cpp */; };
		AACB13C322018E9400531616 /* heston_model.cpp in Sources */ = {isa = PBXBuildFile; fileRef = AACB13B922018E9400531616 /* heston_model.cpp */; };
		AACB13C422018E9400531616 /* random_generator.cpp in Sources */ = {isa = PBXBuildFile; fileRef = AACB13BB22018E9400531616 /* random_generator.cpp */; };
		AACB13C522018E9400531616 /* stats.cpp in Sources */ = {isa = PBXBuildFile; fileRef = AACB13BF22018E9400531616 /* stats.cpp */; };
		AACB13C822018EE100531616 /* options.cpp in Sources */ = {isa = PBXBuildFile; fileRef = AACB13C722018EE100531616 /* options.cpp */; };
		AAF9A70E220268530054B52E /* halton_sequence.cpp in Sources */ = {isa = PBXBuildFile; fileRef = AAF9A70C220268530054B52E /* halton_sequence.cpp */; };
/* End PBXBuildFile section */

/* Begin PBXCopyFilesBuildPhase section */
		AACB136621FFF23C00531616 /* CopyFiles */ = {
			isa = PBXCopyFilesBuildPhase;
			buildActionMask = 2147483647;
			dstPath = /usr/share/man/man1/;
			dstSubfolderSpec = 0;
			files = (
			);
			runOnlyForDeploymentPostprocessing = 1;
		};
/* End PBXCopyFilesBuildPhase section */

/* Begin PBXFileReference section */
		AACB136821FFF23C00531616 /* Project3 */ = {isa = PBXFileReference; explicitFileType = "compiled.mach-o.executable"; includeInIndex = 0; path = Project3; sourceTree = BUILT_PRODUCTS_DIR; };
		AACB136B21FFF23C00531616 /* main.cpp */ = {isa = PBXFileReference; lastKnownFileType = sourcecode.cpp.cpp; path = main.cpp; sourceTree = "<group>"; };
		AACB13B422018E9400531616 /* problem1.cpp */ = {isa = PBXFileReference; fileEncoding = 4; lastKnownFileType = sourcecode.cpp.cpp; path = problem1.cpp; sourceTree = "<group>"; };
		AACB13B622018E9400531616 /* heston_model.hpp */ = {isa = PBXFileReference; fileEncoding = 4; lastKnownFileType = sourcecode.cpp.h; path = heston_model.hpp; sourceTree = "<group>"; };
		AACB13B722018E9400531616 /* problem2.cpp */ = {isa = PBXFileReference; fileEncoding = 4; lastKnownFileType = sourcecode.cpp.cpp; path = problem2.cpp; sourceTree = "<group>"; };
		AACB13B922018E9400531616 /* heston_model.cpp */ = {isa = PBXFileReference; fileEncoding = 4; lastKnownFileType = sourcecode.cpp.cpp; path = heston_model.cpp; sourceTree = "<group>"; };
		AACB13BA22018E9400531616 /* problem2.hpp */ = {isa = PBXFileReference; fileEncoding = 4; lastKnownFileType = sourcecode.cpp.h; path = problem2.hpp; sourceTree = "<group>"; };
		AACB13BB22018E9400531616 /* random_generator.cpp */ = {isa = PBXFileReference; fileEncoding = 4; lastKnownFileType = sourcecode.cpp.cpp; path = random_generator.cpp; sourceTree = "<group>"; };
		AACB13BC22018E9400531616 /* random_generator.hpp */ = {isa = PBXFileReference; fileEncoding = 4; lastKnownFileType = sourcecode.cpp.h; path = random_generator.hpp; sourceTree = "<group>"; };
		AACB13BD22018E9400531616 /* stats.hpp */ = {isa = PBXFileReference; fileEncoding = 4; lastKnownFileType = sourcecode.cpp.h; path = stats.hpp; sourceTree = "<group>"; };
		AACB13BE22018E9400531616 /* problem1.hpp */ = {isa = PBXFileReference; fileEncoding = 4; lastKnownFileType = sourcecode.cpp.h; path = problem1.hpp; sourceTree = "<group>"; };
		AACB13BF22018E9400531616 /* stats.cpp */ = {isa = PBXFileReference; fileEncoding = 4; lastKnownFileType = sourcecode.cpp.cpp; path = stats.cpp; sourceTree = "<group>"; };
		AACB13C622018EE100531616 /* options.hpp */ = {isa = PBXFileReference; fileEncoding = 4; lastKnownFileType = sourcecode.cpp.h; path = options.hpp; sourceTree = "<group>"; };
		AACB13C722018EE100531616 /* options.cpp */ = {isa = PBXFileReference; fileEncoding = 4; lastKnownFileType = sourcecode.cpp.cpp; path = options.cpp; sourceTree = "<group>"; };
		AAF9A70C220268530054B52E /* halton_sequence.cpp */ = {isa = PBXFileReference; lastKnownFileType = sourcecode.cpp.cpp; path = halton_sequence.cpp; sourceTree = "<group>"; };
		AAF9A70D220268530054B52E /* halton_sequence.hpp */ = {isa = PBXFileReference; lastKnownFileType = sourcecode.cpp.h; path = halton_sequence.hpp; sourceTree = "<group>"; };
/* End PBXFileReference section */

/* Begin PBXFrameworksBuildPhase section */
		AACB136521FFF23C00531616 /* Frameworks */ = {
			isa = PBXFrameworksBuildPhase;
			buildActionMask = 2147483647;
			files = (
			);
			runOnlyForDeploymentPostprocessing = 0;
		};
/* End PBXFrameworksBuildPhase section */

/* Begin PBXGroup section */
		AACB135F21FFF23C00531616 = {
			isa = PBXGroup;
			children = (
				AACB136A21FFF23C00531616 /* Project3 */,
				AACB136921FFF23C00531616 /* Products */,
			);
			sourceTree = "<group>";
		};
		AACB136921FFF23C00531616 /* Products */ = {
			isa = PBXGroup;
			children = (
				AACB136821FFF23C00531616 /* Project3 */,
			);
			name = Products;
			sourceTree = "<group>";
		};
		AACB136A21FFF23C00531616 /* Project3 */ = {
			isa = PBXGroup;
			children = (
				AACB136B21FFF23C00531616 /* main.cpp */,
				AAF9A70C220268530054B52E /* halton_sequence.cpp */,
				AAF9A70D220268530054B52E /* halton_sequence.hpp */,
				AACB13C722018EE100531616 /* options.cpp */,
				AACB13C622018EE100531616 /* options.hpp */,
				AACB13B922018E9400531616 /* heston_model.cpp */,
				AACB13B622018E9400531616 /* heston_model.hpp */,
				AACB13B422018E9400531616 /* problem1.cpp */,
				AACB13BE22018E9400531616 /* problem1.hpp */,
				AACB13B722018E9400531616 /* problem2.cpp */,
				AACB13BA22018E9400531616 /* problem2.hpp */,
				AACB13BB22018E9400531616 /* random_generator.cpp */,
				AACB13BC22018E9400531616 /* random_generator.hpp */,
				AACB13BF22018E9400531616 /* stats.cpp */,
				AACB13BD22018E9400531616 /* stats.hpp */,
			);
			path = Project3;
			sourceTree = "<group>";
		};
/* End PBXGroup section */

/* Begin PBXNativeTarget section */
		AACB136721FFF23C00531616 /* Project3 */ = {
			isa = PBXNativeTarget;
			buildConfigurationList = AACB136F21FFF23C00531616 /* Build configuration list for PBXNativeTarget "Project3" */;
			buildPhases = (
				AACB136421FFF23C00531616 /* Sources */,
				AACB136521FFF23C00531616 /* Frameworks */,
				AACB136621FFF23C00531616 /* CopyFiles */,
			);
			buildRules = (
			);
			dependencies = (
			);
			name = Project3;
			productName = Project3;
			productReference = AACB136821FFF23C00531616 /* Project3 */;
			productType = "com.apple.product-type.tool";
		};
/* End PBXNativeTarget section */

/* Begin PBXProject section */
		AACB136021FFF23C00531616 /* Project object */ = {
			isa = PBXProject;
			attributes = {
				LastUpgradeCheck = 1010;
				ORGANIZATIONNAME = "Huanyu Liu";
				TargetAttributes = {
					AACB136721FFF23C00531616 = {
						CreatedOnToolsVersion = 10.1;
					};
				};
			};
			buildConfigurationList = AACB136321FFF23C00531616 /* Build configuration list for PBXProject "Project3" */;
			compatibilityVersion = "Xcode 9.3";
			developmentRegion = en;
			hasScannedForEncodings = 0;
			knownRegions = (
				en,
			);
			mainGroup = AACB135F21FFF23C00531616;
			productRefGroup = AACB136921FFF23C00531616 /* Products */;
			projectDirPath = "";
			projectRoot = "";
			targets = (
				AACB136721FFF23C00531616 /* Project3 */,
			);
		};
/* End PBXProject section */

/* Begin PBXSourcesBuildPhase section */
		AACB136421FFF23C00531616 /* Sources */ = {
			isa = PBXSourcesBuildPhase;
			buildActionMask = 2147483647;
			files = (
				AACB13C322018E9400531616 /* heston_model.cpp in Sources */,
				AACB13C522018E9400531616 /* stats.cpp in Sources */,
				AAF9A70E220268530054B52E /* halton_sequence.cpp in Sources */,
				AACB13C222018E9400531616 /* problem2.cpp in Sources */,
				AACB13C422018E9400531616 /* random_generator.cpp in Sources */,
				AACB136C21FFF23C00531616 /* main.cpp in Sources */,
				AACB13C822018EE100531616 /* options.cpp in Sources */,
				AACB13C022018E9400531616 /* problem1.cpp in Sources */,
			);
			runOnlyForDeploymentPostprocessing = 0;
		};
/* End PBXSourcesBuildPhase section */

/* Begin XCBuildConfiguration section */
		AACB136D21FFF23C00531616 /* Debug */ = {
			isa = XCBuildConfiguration;
			buildSettings = {
				ALWAYS_SEARCH_USER_PATHS = NO;
				CLANG_ANALYZER_NONNULL = YES;
				CLANG_ANALYZER_NUMBER_OBJECT_CONVERSION = YES_AGGRESSIVE;
				CLANG_CXX_LANGUAGE_STANDARD = "gnu++14";
				CLANG_CXX_LIBRARY = "libc++";
				CLANG_ENABLE_MODULES = YES;
				CLANG_ENABLE_OBJC_ARC = YES;
				CLANG_ENABLE_OBJC_WEAK = YES;
				CLANG_WARN_BLOCK_CAPTURE_AUTORELEASING = YES;
				CLANG_WARN_BOOL_CONVERSION = YES;
				CLANG_WARN_COMMA = YES;
				CLANG_WARN_CONSTANT_CONVERSION = YES;
				CLANG_WARN_DEPRECATED_OBJC_IMPLEMENTATIONS = YES;
				CLANG_WARN_DIRECT_OBJC_ISA_USAGE = YES_ERROR;
				CLANG_WARN_DOCUMENTATION_COMMENTS = YES;
				CLANG_WARN_EMPTY_BODY = YES;
				CLANG_WARN_ENUM_CONVERSION = YES;
				CLANG_WARN_INFINITE_RECURSION = YES;
				CLANG_WARN_INT_CONVERSION = YES;
				CLANG_WARN_NON_LITERAL_NULL_CONVERSION = YES;
				CLANG_WARN_OBJC_IMPLICIT_RETAIN_SELF = YES;
				CLANG_WARN_OBJC_LITERAL_CONVERSION = YES;
				CLANG_WARN_OBJC_ROOT_CLASS = YES_ERROR;
				CLANG_WARN_RANGE_LOOP_ANALYSIS = YES;
				CLANG_WARN_STRICT_PROTOTYPES = YES;
				CLANG_WARN_SUSPICIOUS_MOVE = YES;
				CLANG_WARN_UNGUARDED_AVAILABILITY = YES_AGGRESSIVE;
				CLANG_WARN_UNREACHABLE_CODE = YES;
				CLANG_WARN__DUPLICATE_METHOD_MATCH = YES;
				CODE_SIGN_IDENTITY = "-";
				COPY_PHASE_STRIP = NO;
				DEBUG_INFORMATION_FORMAT = dwarf;
				ENABLE_STRICT_OBJC_MSGSEND = YES;
				ENABLE_TESTABILITY = YES;
				GCC_C_LANGUAGE_STANDARD = gnu11;
				GCC_DYNAMIC_NO_PIC = NO;
				GCC_NO_COMMON_BLOCKS = YES;
				GCC_OPTIMIZATION_LEVEL = 0;
				GCC_PREPROCESSOR_DEFINITIONS = (
					"DEBUG=1",
					"$(inherited)",
				);
				GCC_WARN_64_TO_32_BIT_CONVERSION = YES;
				GCC_WARN_ABOUT_RETURN_TYPE = YES_ERROR;
				GCC_WARN_UNDECLARED_SELECTOR = YES;
				GCC_WARN_UNINITIALIZED_AUTOS = YES_AGGRESSIVE;
				GCC_WARN_UNUSED_FUNCTION = YES;
				GCC_WARN_UNUSED_VARIABLE = YES;
				MACOSX_DEPLOYMENT_TARGET = 10.14;
				MTL_ENABLE_DEBUG_INFO = INCLUDE_SOURCE;
				MTL_FAST_MATH = YES;
				ONLY_ACTIVE_ARCH = YES;
				SDKROOT = macosx;
			};
			name = Debug;
		};
		AACB136E21FFF23C00531616 /* Release */ = {
			isa = XCBuildConfiguration;
			buildSettings = {
				ALWAYS_SEARCH_USER_PATHS = NO;
				CLANG_ANALYZER_NONNULL = YES;
				CLANG_ANALYZER_NUMBER_OBJECT_CONVERSION = YES_AGGRESSIVE;
				CLANG_CXX_LANGUAGE_STANDARD = "gnu++14";
				CLANG_CXX_LIBRARY = "libc++";
				CLANG_ENABLE_MODULES = YES;
				CLANG_ENABLE_OBJC_ARC = YES;
				CLANG_ENABLE_OBJC_WEAK = YES;
				CLANG_WARN_BLOCK_CAPTURE_AUTORELEASING = YES;
				CLANG_WARN_BOOL_CONVERSION = YES;
				CLANG_WARN_COMMA = YES;
				CLANG_WARN_CONSTANT_CONVERSION = YES;
				CLANG_WARN_DEPRECATED_OBJC_IMPLEMENTATIONS = YES;
				CLANG_WARN_DIRECT_OBJC_ISA_USAGE = YES_ERROR;
				CLANG_WARN_DOCUMENTATION_COMMENTS = YES;
				CLANG_WARN_EMPTY_BODY = YES;
				CLANG_WARN_ENUM_CONVERSION = YES;
				CLANG_WARN_INFINITE_RECURSION = YES;
				CLANG_WARN_INT_CONVERSION = YES;
				CLANG_WARN_NON_LITERAL_NULL_CONVERSION = YES;
				CLANG_WARN_OBJC_IMPLICIT_RETAIN_SELF = YES;
				CLANG_WARN_OBJC_LITERAL_CONVERSION = YES;
				CLANG_WARN_OBJC_ROOT_CLASS = YES_ERROR;
				CLANG_WARN_RANGE_LOOP_ANALYSIS = YES;
				CLANG_WARN_STRICT_PROTOTYPES = YES;
				CLANG_WARN_SUSPICIOUS_MOVE = YES;
				CLANG_WARN_UNGUARDED_AVAILABILITY = YES_AGGRESSIVE;
				CLANG_WARN_UNREACHABLE_CODE = YES;
				CLANG_WARN__DUPLICATE_METHOD_MATCH = YES;
				CODE_SIGN_IDENTITY = "-";
				COPY_PHASE_STRIP = NO;
				DEBUG_INFORMATION_FORMAT = "dwarf-with-dsym";
				ENABLE_NS_ASSERTIONS = NO;
				ENABLE_STRICT_OBJC_MSGSEND = YES;
				GCC_C_LANGUAGE_STANDARD = gnu11;
				GCC_NO_COMMON_BLOCKS = YES;
				GCC_WARN_64_TO_32_BIT_CONVERSION = YES;
				GCC_WARN_ABOUT_RETURN_TYPE = YES_ERROR;
				GCC_WARN_UNDECLARED_SELECTOR = YES;
				GCC_WARN_UNINITIALIZED_AUTOS = YES_AGGRESSIVE;
				GCC_WARN_UNUSED_FUNCTION = YES;
				GCC_WARN_UNUSED_VARIABLE = YES;
				MACOSX_DEPLOYMENT_TARGET = 10.14;
				MTL_ENABLE_DEBUG_INFO = NO;
				MTL_FAST_MATH = YES;
				SDKROOT = macosx;
			};
			name = Release;
		};
		AACB137021FFF23C00531616 /* Debug */ = {
			isa = XCBuildConfiguration;
			buildSettings = {
				CODE_SIGN_STYLE = Automatic;
				PRODUCT_NAME = "$(TARGET_NAME)";
			};
			name = Debug;
		};
		AACB137121FFF23C00531616 /* Release */ = {
			isa = XCBuildConfiguration;
			buildSettings = {
				CODE_SIGN_STYLE = Automatic;
				PRODUCT_NAME = "$(TARGET_NAME)";
			};
			name = Release;
		};
/* End XCBuildConfiguration section */

/* Begin XCConfigurationList section */
		AACB136321FFF23C00531616 /* Build configuration list for PBXProject "Project3" */ = {
			isa = XCConfigurationList;
			buildConfigurations = (
				AACB136D21FFF23C00531616 /* Debug */,
				AACB136E21FFF23C00531616 /* Release */,
			);
			defaultConfigurationIsVisible = 0;
			defaultConfigurationName = Release;
		};
		AACB136F21FFF23C00531616 /* Build configuration list for PBXNativeTarget "Project3" */ = {
			isa = XCConfigurationList;
			buildConfigurations = (
				AACB137021FFF23C00531616 /* Debug */,
				AACB137121FFF23C00531616 /* Release */,
			);
			defaultConfigurationIsVisible = 0;
			defaultConfigurationName = Release;
		};
/* End XCConfigurationList section */
	};
	rootObject = AACB136021FFF23C00531616 /* Project object */;
}
